# This file is generated by running "yarn install" inside your project.
# Manual changes might be lost - proceed with caution!

__metadata:
  version: 8
  cacheKey: 10c0

"@techstark/opencv-js@npm:^4.10.0-release.1":
  version: 4.10.0-release.1
  resolution: "@techstark/opencv-js@npm:4.10.0-release.1"
  checksum: 10c0/62d2c9cd7f0e2c418a5215076df1594a828a53384b9393ccafe503f97838de6eeb1dbb2af4d9206d4e93cef4d153251c4f0a432bac7797b4e8c0dd74a7121612
  languageName: node
  linkType: hard

"opencv-js-node-example@workspace:.":
  version: 0.0.0-use.local
  resolution: "opencv-js-node-example@workspace:."
  dependencies:
    "@techstark/opencv-js": "npm:^4.10.0-release.1"
  languageName: unknown
  linkType: soft
